
Microsoft Visual Studio Solution File, Format Version 12.00
# Visual Studio Version 17
VisualStudioVersion = 17.8.36105.29
MinimumVisualStudioVersion = 10.0.40219.1
Project("{FAE04EC0-301F-11D3-BF4B-00C04F79EFBC}") = "EFcore.day15.demo1", "EFcore.day15.demo1\EFcore.day15.demo1.csproj", "{96D5821F-E70C-4B73-8BEB-3E2725DE0C1D}"
EndProject
Global
	GlobalSection(SolutionConfigurationPlatforms) = preSolution
		Debug|Any CPU = Debug|Any CPU
		Release|Any CPU = Release|Any CPU
	EndGlobalSection
	GlobalSection(ProjectConfigurationPlatforms) = postSolution
		{96D5821F-E70C-4B73-8BEB-3E2725DE0C1D}.Debug|Any CPU.ActiveCfg = Debug|Any CPU
		{96D5821F-E70C-4B73-8BEB-3E2725DE0C1D}.Debug|Any CPU.Build.0 = Debug|Any CPU
		{96D5821F-E70C-4B73-8BEB-3E2725DE0C1D}.Release|Any CPU.ActiveCfg = Release|Any CPU
		{96D5821F-E70C-4B73-8BEB-3E2725DE0C1D}.Release|Any CPU.Build.0 = Release|Any CPU
	EndGlobalSection
	GlobalSection(SolutionProperties) = preSolution
		HideSolutionNode = FALSE
	EndGlobalSection
	GlobalSection(ExtensibilityGlobals) = postSolution
		SolutionGuid = {B7C8E325-06B9-4218-8FE4-B27EE893AF8E}
	EndGlobalSection
EndGlobal
