
Microsoft Visual Studio Solution File, Format Version 12.00
# Visual Studio Version 17
VisualStudioVersion = 17.8.36105.29
MinimumVisualStudioVersion = 10.0.40219.1
Project("{FAE04EC0-301F-11D3-BF4B-00C04F79EFBC}") = "WebApplication1Day10Demo1", "WebApplication1Day10Demo1\WebApplication1Day10Demo1.csproj", "{3417A4CB-A1B2-44D7-94FE-3F7ED1E8F075}"
EndProject
Global
	GlobalSection(SolutionConfigurationPlatforms) = preSolution
		Debug|Any CPU = Debug|Any CPU
		Release|Any CPU = Release|Any CPU
	EndGlobalSection
	GlobalSection(ProjectConfigurationPlatforms) = postSolution
		{3417A4CB-A1B2-44D7-94FE-3F7ED1E8F075}.Debug|Any CPU.ActiveCfg = Debug|Any CPU
		{3417A4CB-A1B2-44D7-94FE-3F7ED1E8F075}.Debug|Any CPU.Build.0 = Debug|Any CPU
		{3417A4CB-A1B2-44D7-94FE-3F7ED1E8F075}.Release|Any CPU.ActiveCfg = Release|Any CPU
		{3417A4CB-A1B2-44D7-94FE-3F7ED1E8F075}.Release|Any CPU.Build.0 = Release|Any CPU
	EndGlobalSection
	GlobalSection(SolutionProperties) = preSolution
		HideSolutionNode = FALSE
	EndGlobalSection
	GlobalSection(ExtensibilityGlobals) = postSolution
		SolutionGuid = {96807BF9-5FE4-4644-B951-304C2C19268F}
	EndGlobalSection
EndGlobal
