
Microsoft Visual Studio Solution File, Format Version 12.00
# Visual Studio Version 17
VisualStudioVersion = 17.8.36105.29
MinimumVisualStudioVersion = 10.0.40219.1
Project("{FAE04EC0-301F-11D3-BF4B-00C04F79EFBC}") = "ConsoleApp1day3demo1", "ConsoleApp1day3demo1\ConsoleApp1day3demo1.csproj", "{90D88A37-607F-4DB9-B396-0FB9C3DE30F8}"
EndProject
Project("{FAE04EC0-301F-11D3-BF4B-00C04F79EFBC}") = "ConsoleApp1day3leapyear", "ConsoleApp1day3leapyear\ConsoleApp1day3leapyear.csproj", "{A9E7614D-8EE4-4A9E-8879-0A1091B08DA8}"
EndProject
Project("{FAE04EC0-301F-11D3-BF4B-00C04F79EFBC}") = "ConsoleApp1day3stringformat", "ConsoleApp1day3stringformat\ConsoleApp1day3stringformat.csproj", "{B116690C-1ABE-49C2-A267-49289B49B29A}"
EndProject
Global
	GlobalSection(SolutionConfigurationPlatforms) = preSolution
		Debug|Any CPU = Debug|Any CPU
		Release|Any CPU = Release|Any CPU
	EndGlobalSection
	GlobalSection(ProjectConfigurationPlatforms) = postSolution
		{90D88A37-607F-4DB9-B396-0FB9C3DE30F8}.Debug|Any CPU.ActiveCfg = Debug|Any CPU
		{90D88A37-607F-4DB9-B396-0FB9C3DE30F8}.Debug|Any CPU.Build.0 = Debug|Any CPU
		{90D88A37-607F-4DB9-B396-0FB9C3DE30F8}.Release|Any CPU.ActiveCfg = Release|Any CPU
		{90D88A37-607F-4DB9-B396-0FB9C3DE30F8}.Release|Any CPU.Build.0 = Release|Any CPU
		{A9E7614D-8EE4-4A9E-8879-0A1091B08DA8}.Debug|Any CPU.ActiveCfg = Debug|Any CPU
		{A9E7614D-8EE4-4A9E-8879-0A1091B08DA8}.Debug|Any CPU.Build.0 = Debug|Any CPU
		{A9E7614D-8EE4-4A9E-8879-0A1091B08DA8}.Release|Any CPU.ActiveCfg = Release|Any CPU
		{A9E7614D-8EE4-4A9E-8879-0A1091B08DA8}.Release|Any CPU.Build.0 = Release|Any CPU
		{B116690C-1ABE-49C2-A267-49289B49B29A}.Debug|Any CPU.ActiveCfg = Debug|Any CPU
		{B116690C-1ABE-49C2-A267-49289B49B29A}.Debug|Any CPU.Build.0 = Debug|Any CPU
		{B116690C-1ABE-49C2-A267-49289B49B29A}.Release|Any CPU.ActiveCfg = Release|Any CPU
		{B116690C-1ABE-49C2-A267-49289B49B29A}.Release|Any CPU.Build.0 = Release|Any CPU
	EndGlobalSection
	GlobalSection(SolutionProperties) = preSolution
		HideSolutionNode = FALSE
	EndGlobalSection
	GlobalSection(ExtensibilityGlobals) = postSolution
		SolutionGuid = {506BC46C-7994-4BD8-B969-D1FBD38B4D6E}
	EndGlobalSection
EndGlobal
